
Microsoft Visual Studio Solution File, Format Version 12.00
# Visual Studio Version 16
VisualStudioVersion = 16.0.29613.14
MinimumVisualStudioVersion = 10.0.40219.1
Project("{FAE04EC0-301F-11D3-BF4B-00C04F79EFBC}") = "MD5Cracker", "Test1\MD5Cracker.csproj", "{A2F22694-DE2E-428D-BDE4-3818F818D100}"
EndProject
Project("{FAE04EC0-301F-11D3-BF4B-00C04F79EFBC}") = "IPScanner", "Test2\IPScanner.csproj", "{74983451-E78D-4F29-8D55-21FDA5265D0F}"
EndProject
Global
	GlobalSection(SolutionConfigurationPlatforms) = preSolution
		Debug|Any CPU = Debug|Any CPU
		Release|Any CPU = Release|Any CPU
	EndGlobalSection
	GlobalSection(ProjectConfigurationPlatforms) = postSolution
		{A2F22694-DE2E-428D-BDE4-3818F818D100}.Debug|Any CPU.ActiveCfg = Debug|Any CPU
		{A2F22694-DE2E-428D-BDE4-3818F818D100}.Debug|Any CPU.Build.0 = Debug|Any CPU
		{A2F22694-DE2E-428D-BDE4-3818F818D100}.Release|Any CPU.ActiveCfg = Release|Any CPU
		{A2F22694-DE2E-428D-BDE4-3818F818D100}.Release|Any CPU.Build.0 = Release|Any CPU
		{74983451-E78D-4F29-8D55-21FDA5265D0F}.Debug|Any CPU.ActiveCfg = Debug|Any CPU
		{74983451-E78D-4F29-8D55-21FDA5265D0F}.Debug|Any CPU.Build.0 = Debug|Any CPU
		{74983451-E78D-4F29-8D55-21FDA5265D0F}.Release|Any CPU.ActiveCfg = Release|Any CPU
		{74983451-E78D-4F29-8D55-21FDA5265D0F}.Release|Any CPU.Build.0 = Release|Any CPU
	EndGlobalSection
	GlobalSection(SolutionProperties) = preSolution
		HideSolutionNode = FALSE
	EndGlobalSection
	GlobalSection(ExtensibilityGlobals) = postSolution
		SolutionGuid = {3B7D0C9B-7433-4D12-84B7-1F493BAAB53D}
	EndGlobalSection
EndGlobal
